{
  "name": "iobroker.xs1",
  "version": "1.0.2",
  "lockfileVersion": 1,
  "requires": true,
  "dependencies": {
    "@iobroker/adapter-core": {
      "version": "1.0.3",
      "resolved": "https://registry.npmjs.org/@iobroker/adapter-core/-/adapter-core-1.0.3.tgz",
      "integrity": "sha512-qsTdSDKgu5WXXQpNTUCuCa/CQYuy1oiSSRT5RJuNhGFtArp2E3hNRB3l/idQEV9FYOL2myKJSVk25sBXKgvF6A==",
      "requires": {
        "@types/iobroker": "^1.4.3"
      }
    },
    "@types/iobroker": {
      "version": "1.4.10",
      "resolved": "https://registry.npmjs.org/@types/iobroker/-/iobroker-1.4.10.tgz",
      "integrity": "sha512-DcLej+wfl1Bh3Xv8KQGL6lbH0dWQhODM7f1agI/CVJA69ShWXt4MK4SUnG85ehWB0ju9iRPyXMyO+bIXjVyylg==",
      "requires": {
        "@types/node": "*"
      }
    },
    "@types/node": {
      "version": "11.10.4",
      "resolved": "https://registry.npmjs.org/@types/node/-/node-11.10.4.tgz",
      "integrity": "sha512-wa09itaLE8L705aXd8F80jnFpxz3Y1/KRHfKsYL2bPc0XF+wEWu8sR9n5bmeu8Ba1N9z2GRNzm/YdHcghLkLKg=="
    }
  }
}
